
Microsoft Visual Studio Solution File, Format Version 12.00
# Visual Studio 15
VisualStudioVersion = 15.0.27130.2027
MinimumVisualStudioVersion = 10.0.40219.1
Project("{FAE04EC0-301F-11D3-BF4B-00C04F79EFBC}") = "SerialLib", "SerialLib\SerialLib.csproj", "{FEBE6349-1E2E-4F63-A083-0BAEDFB15358}"
EndProject
Project("{FAE04EC0-301F-11D3-BF4B-00C04F79EFBC}") = "UPnPAgent", "UPnPAgent\UPnPAgent.csproj", "{6C809DC4-ABE4-40E1-BDE0-1680E16A13F7}"
EndProject
Project("{9A19103F-16F7-4668-BE54-9A1E7A4F7556}") = "CraneAzureFunctions", "CraneAzureFunctions\CraneAzureFunctions.csproj", "{263083E6-8342-48BC-96DB-7AACA0A92DBB}"
EndProject
Project("{FAE04EC0-301F-11D3-BF4B-00C04F79EFBC}") = "Common", "Common\Common.csproj", "{A60765EB-6156-4AF8-8FEB-4854D536A7B4}"
EndProject
Project("{FAE04EC0-301F-11D3-BF4B-00C04F79EFBC}") = "CraneWeb", "CraneWeb\CraneWeb.csproj", "{AC779815-06F8-4B63-B778-019BB5214488}"
EndProject
Project("{FAE04EC0-301F-11D3-BF4B-00C04F79EFBC}") = "Tests", "Tests\Tests.csproj", "{A9C52DD4-395A-416B-AA82-7EC8A00EF6C9}"
EndProject
Project("{FAE04EC0-301F-11D3-BF4B-00C04F79EFBC}") = "YawcamServiceController", "YawcamServiceController\YawcamServiceController.csproj", "{90CA0025-B6AA-4CCF-8E57-C2AFE9D7E9E0}"
EndProject
Global
	GlobalSection(SolutionConfigurationPlatforms) = preSolution
		Debug|Any CPU = Debug|Any CPU
		Debug|ARM = Debug|ARM
		Debug|x64 = Debug|x64
		Debug|x86 = Debug|x86
		Release|Any CPU = Release|Any CPU
		Release|ARM = Release|ARM
		Release|x64 = Release|x64
		Release|x86 = Release|x86
	EndGlobalSection
	GlobalSection(ProjectConfigurationPlatforms) = postSolution
		{FEBE6349-1E2E-4F63-A083-0BAEDFB15358}.Debug|Any CPU.ActiveCfg = Debug|Any CPU
		{FEBE6349-1E2E-4F63-A083-0BAEDFB15358}.Debug|Any CPU.Build.0 = Debug|Any CPU
		{FEBE6349-1E2E-4F63-A083-0BAEDFB15358}.Debug|ARM.ActiveCfg = Debug|Any CPU
		{FEBE6349-1E2E-4F63-A083-0BAEDFB15358}.Debug|ARM.Build.0 = Debug|Any CPU
		{FEBE6349-1E2E-4F63-A083-0BAEDFB15358}.Debug|x64.ActiveCfg = Debug|Any CPU
		{FEBE6349-1E2E-4F63-A083-0BAEDFB15358}.Debug|x64.Build.0 = Debug|Any CPU
		{FEBE6349-1E2E-4F63-A083-0BAEDFB15358}.Debug|x86.ActiveCfg = Debug|Any CPU
		{FEBE6349-1E2E-4F63-A083-0BAEDFB15358}.Debug|x86.Build.0 = Debug|Any CPU
		{FEBE6349-1E2E-4F63-A083-0BAEDFB15358}.Release|Any CPU.ActiveCfg = Release|Any CPU
		{FEBE6349-1E2E-4F63-A083-0BAEDFB15358}.Release|Any CPU.Build.0 = Release|Any CPU
		{FEBE6349-1E2E-4F63-A083-0BAEDFB15358}.Release|ARM.ActiveCfg = Release|Any CPU
		{FEBE6349-1E2E-4F63-A083-0BAEDFB15358}.Release|ARM.Build.0 = Release|Any CPU
		{FEBE6349-1E2E-4F63-A083-0BAEDFB15358}.Release|x64.ActiveCfg = Release|Any CPU
		{FEBE6349-1E2E-4F63-A083-0BAEDFB15358}.Release|x64.Build.0 = Release|Any CPU
		{FEBE6349-1E2E-4F63-A083-0BAEDFB15358}.Release|x86.ActiveCfg = Release|Any CPU
		{FEBE6349-1E2E-4F63-A083-0BAEDFB15358}.Release|x86.Build.0 = Release|Any CPU
		{6C809DC4-ABE4-40E1-BDE0-1680E16A13F7}.Debug|Any CPU.ActiveCfg = Debug|Any CPU
		{6C809DC4-ABE4-40E1-BDE0-1680E16A13F7}.Debug|Any CPU.Build.0 = Debug|Any CPU
		{6C809DC4-ABE4-40E1-BDE0-1680E16A13F7}.Debug|ARM.ActiveCfg = Debug|Any CPU
		{6C809DC4-ABE4-40E1-BDE0-1680E16A13F7}.Debug|ARM.Build.0 = Debug|Any CPU
		{6C809DC4-ABE4-40E1-BDE0-1680E16A13F7}.Debug|x64.ActiveCfg = Debug|Any CPU
		{6C809DC4-ABE4-40E1-BDE0-1680E16A13F7}.Debug|x64.Build.0 = Debug|Any CPU
		{6C809DC4-ABE4-40E1-BDE0-1680E16A13F7}.Debug|x86.ActiveCfg = Debug|Any CPU
		{6C809DC4-ABE4-40E1-BDE0-1680E16A13F7}.Debug|x86.Build.0 = Debug|Any CPU
		{6C809DC4-ABE4-40E1-BDE0-1680E16A13F7}.Release|Any CPU.ActiveCfg = Release|Any CPU
		{6C809DC4-ABE4-40E1-BDE0-1680E16A13F7}.Release|Any CPU.Build.0 = Release|Any CPU
		{6C809DC4-ABE4-40E1-BDE0-1680E16A13F7}.Release|ARM.ActiveCfg = Release|Any CPU
		{6C809DC4-ABE4-40E1-BDE0-1680E16A13F7}.Release|ARM.Build.0 = Release|Any CPU
		{6C809DC4-ABE4-40E1-BDE0-1680E16A13F7}.Release|x64.ActiveCfg = Release|Any CPU
		{6C809DC4-ABE4-40E1-BDE0-1680E16A13F7}.Release|x64.Build.0 = Release|Any CPU
		{6C809DC4-ABE4-40E1-BDE0-1680E16A13F7}.Release|x86.ActiveCfg = Release|Any CPU
		{6C809DC4-ABE4-40E1-BDE0-1680E16A13F7}.Release|x86.Build.0 = Release|Any CPU
		{263083E6-8342-48BC-96DB-7AACA0A92DBB}.Debug|Any CPU.ActiveCfg = Debug|Any CPU
		{263083E6-8342-48BC-96DB-7AACA0A92DBB}.Debug|Any CPU.Build.0 = Debug|Any CPU
		{263083E6-8342-48BC-96DB-7AACA0A92DBB}.Debug|ARM.ActiveCfg = Debug|Any CPU
		{263083E6-8342-48BC-96DB-7AACA0A92DBB}.Debug|ARM.Build.0 = Debug|Any CPU
		{263083E6-8342-48BC-96DB-7AACA0A92DBB}.Debug|x64.ActiveCfg = Debug|Any CPU
		{263083E6-8342-48BC-96DB-7AACA0A92DBB}.Debug|x64.Build.0 = Debug|Any CPU
		{263083E6-8342-48BC-96DB-7AACA0A92DBB}.Debug|x86.ActiveCfg = Debug|Any CPU
		{263083E6-8342-48BC-96DB-7AACA0A92DBB}.Debug|x86.Build.0 = Debug|Any CPU
		{263083E6-8342-48BC-96DB-7AACA0A92DBB}.Release|Any CPU.ActiveCfg = Release|Any CPU
		{263083E6-8342-48BC-96DB-7AACA0A92DBB}.Release|Any CPU.Build.0 = Release|Any CPU
		{263083E6-8342-48BC-96DB-7AACA0A92DBB}.Release|ARM.ActiveCfg = Release|Any CPU
		{263083E6-8342-48BC-96DB-7AACA0A92DBB}.Release|ARM.Build.0 = Release|Any CPU
		{263083E6-8342-48BC-96DB-7AACA0A92DBB}.Release|x64.ActiveCfg = Release|Any CPU
		{263083E6-8342-48BC-96DB-7AACA0A92DBB}.Release|x64.Build.0 = Release|Any CPU
		{263083E6-8342-48BC-96DB-7AACA0A92DBB}.Release|x86.ActiveCfg = Release|Any CPU
		{263083E6-8342-48BC-96DB-7AACA0A92DBB}.Release|x86.Build.0 = Release|Any CPU
		{A60765EB-6156-4AF8-8FEB-4854D536A7B4}.Debug|Any CPU.ActiveCfg = Debug|Any CPU
		{A60765EB-6156-4AF8-8FEB-4854D536A7B4}.Debug|Any CPU.Build.0 = Debug|Any CPU
		{A60765EB-6156-4AF8-8FEB-4854D536A7B4}.Debug|ARM.ActiveCfg = Debug|Any CPU
		{A60765EB-6156-4AF8-8FEB-4854D536A7B4}.Debug|ARM.Build.0 = Debug|Any CPU
		{A60765EB-6156-4AF8-8FEB-4854D536A7B4}.Debug|x64.ActiveCfg = Debug|Any CPU
		{A60765EB-6156-4AF8-8FEB-4854D536A7B4}.Debug|x64.Build.0 = Debug|Any CPU
		{A60765EB-6156-4AF8-8FEB-4854D536A7B4}.Debug|x86.ActiveCfg = Debug|Any CPU
		{A60765EB-6156-4AF8-8FEB-4854D536A7B4}.Debug|x86.Build.0 = Debug|Any CPU
		{A60765EB-6156-4AF8-8FEB-4854D536A7B4}.Release|Any CPU.ActiveCfg = Release|Any CPU
		{A60765EB-6156-4AF8-8FEB-4854D536A7B4}.Release|Any CPU.Build.0 = Release|Any CPU
		{A60765EB-6156-4AF8-8FEB-4854D536A7B4}.Release|ARM.ActiveCfg = Release|Any CPU
		{A60765EB-6156-4AF8-8FEB-4854D536A7B4}.Release|ARM.Build.0 = Release|Any CPU
		{A60765EB-6156-4AF8-8FEB-4854D536A7B4}.Release|x64.ActiveCfg = Release|Any CPU
		{A60765EB-6156-4AF8-8FEB-4854D536A7B4}.Release|x64.Build.0 = Release|Any CPU
		{A60765EB-6156-4AF8-8FEB-4854D536A7B4}.Release|x86.ActiveCfg = Release|Any CPU
		{A60765EB-6156-4AF8-8FEB-4854D536A7B4}.Release|x86.Build.0 = Release|Any CPU
		{AC779815-06F8-4B63-B778-019BB5214488}.Debug|Any CPU.ActiveCfg = Debug|Any CPU
		{AC779815-06F8-4B63-B778-019BB5214488}.Debug|Any CPU.Build.0 = Debug|Any CPU
		{AC779815-06F8-4B63-B778-019BB5214488}.Debug|ARM.ActiveCfg = Debug|Any CPU
		{AC779815-06F8-4B63-B778-019BB5214488}.Debug|ARM.Build.0 = Debug|Any CPU
		{AC779815-06F8-4B63-B778-019BB5214488}.Debug|x64.ActiveCfg = Debug|Any CPU
		{AC779815-06F8-4B63-B778-019BB5214488}.Debug|x64.Build.0 = Debug|Any CPU
		{AC779815-06F8-4B63-B778-019BB5214488}.Debug|x86.ActiveCfg = Debug|Any CPU
		{AC779815-06F8-4B63-B778-019BB5214488}.Debug|x86.Build.0 = Debug|Any CPU
		{AC779815-06F8-4B63-B778-019BB5214488}.Release|Any CPU.ActiveCfg = Release|Any CPU
		{AC779815-06F8-4B63-B778-019BB5214488}.Release|Any CPU.Build.0 = Release|Any CPU
		{AC779815-06F8-4B63-B778-019BB5214488}.Release|ARM.ActiveCfg = Release|Any CPU
		{AC779815-06F8-4B63-B778-019BB5214488}.Release|ARM.Build.0 = Release|Any CPU
		{AC779815-06F8-4B63-B778-019BB5214488}.Release|x64.ActiveCfg = Release|Any CPU
		{AC779815-06F8-4B63-B778-019BB5214488}.Release|x64.Build.0 = Release|Any CPU
		{AC779815-06F8-4B63-B778-019BB5214488}.Release|x86.ActiveCfg = Release|Any CPU
		{AC779815-06F8-4B63-B778-019BB5214488}.Release|x86.Build.0 = Release|Any CPU
		{A9C52DD4-395A-416B-AA82-7EC8A00EF6C9}.Debug|Any CPU.ActiveCfg = Debug|Any CPU
		{A9C52DD4-395A-416B-AA82-7EC8A00EF6C9}.Debug|Any CPU.Build.0 = Debug|Any CPU
		{A9C52DD4-395A-416B-AA82-7EC8A00EF6C9}.Debug|ARM.ActiveCfg = Debug|Any CPU
		{A9C52DD4-395A-416B-AA82-7EC8A00EF6C9}.Debug|ARM.Build.0 = Debug|Any CPU
		{A9C52DD4-395A-416B-AA82-7EC8A00EF6C9}.Debug|x64.ActiveCfg = Debug|Any CPU
		{A9C52DD4-395A-416B-AA82-7EC8A00EF6C9}.Debug|x64.Build.0 = Debug|Any CPU
		{A9C52DD4-395A-416B-AA82-7EC8A00EF6C9}.Debug|x86.ActiveCfg = Debug|Any CPU
		{A9C52DD4-395A-416B-AA82-7EC8A00EF6C9}.Debug|x86.Build.0 = Debug|Any CPU
		{A9C52DD4-395A-416B-AA82-7EC8A00EF6C9}.Release|Any CPU.ActiveCfg = Release|Any CPU
		{A9C52DD4-395A-416B-AA82-7EC8A00EF6C9}.Release|Any CPU.Build.0 = Release|Any CPU
		{A9C52DD4-395A-416B-AA82-7EC8A00EF6C9}.Release|ARM.ActiveCfg = Release|Any CPU
		{A9C52DD4-395A-416B-AA82-7EC8A00EF6C9}.Release|ARM.Build.0 = Release|Any CPU
		{A9C52DD4-395A-416B-AA82-7EC8A00EF6C9}.Release|x64.ActiveCfg = Release|Any CPU
		{A9C52DD4-395A-416B-AA82-7EC8A00EF6C9}.Release|x64.Build.0 = Release|Any CPU
		{A9C52DD4-395A-416B-AA82-7EC8A00EF6C9}.Release|x86.ActiveCfg = Release|Any CPU
		{A9C52DD4-395A-416B-AA82-7EC8A00EF6C9}.Release|x86.Build.0 = Release|Any CPU
		{90CA0025-B6AA-4CCF-8E57-C2AFE9D7E9E0}.Debug|Any CPU.ActiveCfg = Debug|Any CPU
		{90CA0025-B6AA-4CCF-8E57-C2AFE9D7E9E0}.Debug|Any CPU.Build.0 = Debug|Any CPU
		{90CA0025-B6AA-4CCF-8E57-C2AFE9D7E9E0}.Debug|ARM.ActiveCfg = Debug|Any CPU
		{90CA0025-B6AA-4CCF-8E57-C2AFE9D7E9E0}.Debug|ARM.Build.0 = Debug|Any CPU
		{90CA0025-B6AA-4CCF-8E57-C2AFE9D7E9E0}.Debug|x64.ActiveCfg = Debug|Any CPU
		{90CA0025-B6AA-4CCF-8E57-C2AFE9D7E9E0}.Debug|x64.Build.0 = Debug|Any CPU
		{90CA0025-B6AA-4CCF-8E57-C2AFE9D7E9E0}.Debug|x86.ActiveCfg = Debug|Any CPU
		{90CA0025-B6AA-4CCF-8E57-C2AFE9D7E9E0}.Debug|x86.Build.0 = Debug|Any CPU
		{90CA0025-B6AA-4CCF-8E57-C2AFE9D7E9E0}.Release|Any CPU.ActiveCfg = Release|Any CPU
		{90CA0025-B6AA-4CCF-8E57-C2AFE9D7E9E0}.Release|Any CPU.Build.0 = Release|Any CPU
		{90CA0025-B6AA-4CCF-8E57-C2AFE9D7E9E0}.Release|ARM.ActiveCfg = Release|Any CPU
		{90CA0025-B6AA-4CCF-8E57-C2AFE9D7E9E0}.Release|ARM.Build.0 = Release|Any CPU
		{90CA0025-B6AA-4CCF-8E57-C2AFE9D7E9E0}.Release|x64.ActiveCfg = Release|Any CPU
		{90CA0025-B6AA-4CCF-8E57-C2AFE9D7E9E0}.Release|x64.Build.0 = Release|Any CPU
		{90CA0025-B6AA-4CCF-8E57-C2AFE9D7E9E0}.Release|x86.ActiveCfg = Release|Any CPU
		{90CA0025-B6AA-4CCF-8E57-C2AFE9D7E9E0}.Release|x86.Build.0 = Release|Any CPU
	EndGlobalSection
	GlobalSection(SolutionProperties) = preSolution
		HideSolutionNode = FALSE
	EndGlobalSection
	GlobalSection(ExtensibilityGlobals) = postSolution
		SolutionGuid = {499EEC1E-F0BA-461B-A80F-0C209486411C}
	EndGlobalSection
EndGlobal
