
Microsoft Visual Studio Solution File, Format Version 12.00
# Visual Studio 15
VisualStudioVersion = 15.0.27004.2010
MinimumVisualStudioVersion = 10.0.40219.1
Project("{FAE04EC0-301F-11D3-BF4B-00C04F79EFBC}") = "SerialLib", "SerialLib\SerialLib.csproj", "{FEBE6349-1E2E-4F63-A083-0BAEDFB15358}"
EndProject
Global
	GlobalSection(SolutionConfigurationPlatforms) = preSolution
		Debug|Any CPU = Debug|Any CPU
		Release|Any CPU = Release|Any CPU
	EndGlobalSection
	GlobalSection(ProjectConfigurationPlatforms) = postSolution
		{FEBE6349-1E2E-4F63-A083-0BAEDFB15358}.Debug|Any CPU.ActiveCfg = Debug|Any CPU
		{FEBE6349-1E2E-4F63-A083-0BAEDFB15358}.Debug|Any CPU.Build.0 = Debug|Any CPU
		{FEBE6349-1E2E-4F63-A083-0BAEDFB15358}.Release|Any CPU.ActiveCfg = Release|Any CPU
		{FEBE6349-1E2E-4F63-A083-0BAEDFB15358}.Release|Any CPU.Build.0 = Release|Any CPU
	EndGlobalSection
	GlobalSection(SolutionProperties) = preSolution
		HideSolutionNode = FALSE
	EndGlobalSection
	GlobalSection(ExtensibilityGlobals) = postSolution
		SolutionGuid = {499EEC1E-F0BA-461B-A80F-0C209486411C}
	EndGlobalSection
EndGlobal
